// !$*UTF8*$!
{
	archiveVersion = 1;
	classes = {
	};
	objectVersion = 55;
	objects = {

/* Begin PBXBuildFile section */
		74487AD3271D29A300FE5420 /* FriendsTableViewController.swift in Sources */ = {isa = PBXBuildFile; fileRef = 74487AD2271D29A300FE5420 /* FriendsTableViewController.swift */; };
		74487AD5271D29D800FE5420 /* FriendTableViewCell.swift in Sources */ = {isa = PBXBuildFile; fileRef = 74487AD4271D29D800FE5420 /* FriendTableViewCell.swift */; };
		74487AD8271D2A3600FE5420 /* AvailableGroupsTableViewController.swift in Sources */ = {isa = PBXBuildFile; fileRef = 74487AD7271D2A3600FE5420 /* AvailableGroupsTableViewController.swift */; };
		74487ADA271D2A4D00FE5420 /* GroupTableViewCell.swift in Sources */ = {isa = PBXBuildFile; fileRef = 74487AD9271D2A4D00FE5420 /* GroupTableViewCell.swift */; };
		74487ADD271D3B3100FE5420 /* UserGroupsTableViewController.swift in Sources */ = {isa = PBXBuildFile; fileRef = 74487ADC271D3B3100FE5420 /* UserGroupsTableViewController.swift */; };
		74487AE2271D3C3500FE5420 /* FriendCollectionViewController.swift in Sources */ = {isa = PBXBuildFile; fileRef = 74487AE1271D3C3500FE5420 /* FriendCollectionViewController.swift */; };
		74487AE4271D3C4D00FE5420 /* FriendCollectionViewCell.swift in Sources */ = {isa = PBXBuildFile; fileRef = 74487AE3271D3C4D00FE5420 /* FriendCollectionViewCell.swift */; };
		74487AE7271D451700FE5420 /* User.swift in Sources */ = {isa = PBXBuildFile; fileRef = 74487AE6271D451700FE5420 /* User.swift */; };
		74487AE9271D453B00FE5420 /* Group.swift in Sources */ = {isa = PBXBuildFile; fileRef = 74487AE8271D453B00FE5420 /* Group.swift */; };
		749FD31D2713114000F06EB6 /* AppDelegate.swift in Sources */ = {isa = PBXBuildFile; fileRef = 749FD31C2713114000F06EB6 /* AppDelegate.swift */; };
		749FD31F2713114000F06EB6 /* SceneDelegate.swift in Sources */ = {isa = PBXBuildFile; fileRef = 749FD31E2713114000F06EB6 /* SceneDelegate.swift */; };
		749FD3212713114000F06EB6 /* LoginViewController.swift in Sources */ = {isa = PBXBuildFile; fileRef = 749FD3202713114000F06EB6 /* LoginViewController.swift */; };
		749FD3242713114000F06EB6 /* Main.storyboard in Resources */ = {isa = PBXBuildFile; fileRef = 749FD3222713114000F06EB6 /* Main.storyboard */; };
		749FD3262713114300F06EB6 /* Assets.xcassets in Resources */ = {isa = PBXBuildFile; fileRef = 749FD3252713114300F06EB6 /* Assets.xcassets */; };
		749FD3292713114300F06EB6 /* LaunchScreen.storyboard in Resources */ = {isa = PBXBuildFile; fileRef = 749FD3272713114300F06EB6 /* LaunchScreen.storyboard */; };
/* End PBXBuildFile section */

/* Begin PBXFileReference section */
		74487AD2271D29A300FE5420 /* FriendsTableViewController.swift */ = {isa = PBXFileReference; lastKnownFileType = sourcecode.swift; path = FriendsTableViewController.swift; sourceTree = "<group>"; };
		74487AD4271D29D800FE5420 /* FriendTableViewCell.swift */ = {isa = PBXFileReference; lastKnownFileType = sourcecode.swift; path = FriendTableViewCell.swift; sourceTree = "<group>"; };
		74487AD7271D2A3600FE5420 /* AvailableGroupsTableViewController.swift */ = {isa = PBXFileReference; lastKnownFileType = sourcecode.swift; path = AvailableGroupsTableViewController.swift; sourceTree = "<group>"; };
		74487AD9271D2A4D00FE5420 /* GroupTableViewCell.swift */ = {isa = PBXFileReference; lastKnownFileType = sourcecode.swift; path = GroupTableViewCell.swift; sourceTree = "<group>"; };
		74487ADC271D3B3100FE5420 /* UserGroupsTableViewController.swift */ = {isa = PBXFileReference; lastKnownFileType = sourcecode.swift; path = UserGroupsTableViewController.swift; sourceTree = "<group>"; };
		74487AE1271D3C3500FE5420 /* FriendCollectionViewController.swift */ = {isa = PBXFileReference; lastKnownFileType = sourcecode.swift; path = FriendCollectionViewController.swift; sourceTree = "<group>"; };
		74487AE3271D3C4D00FE5420 /* FriendCollectionViewCell.swift */ = {isa = PBXFileReference; lastKnownFileType = sourcecode.swift; path = FriendCollectionViewCell.swift; sourceTree = "<group>"; };
		74487AE6271D451700FE5420 /* User.swift */ = {isa = PBXFileReference; lastKnownFileType = sourcecode.swift; path = User.swift; sourceTree = "<group>"; };
		74487AE8271D453B00FE5420 /* Group.swift */ = {isa = PBXFileReference; lastKnownFileType = sourcecode.swift; path = Group.swift; sourceTree = "<group>"; };
		749FD3192713114000F06EB6 /* vk.app */ = {isa = PBXFileReference; explicitFileType = wrapper.application; includeInIndex = 0; path = vk.app; sourceTree = BUILT_PRODUCTS_DIR; };
		749FD31C2713114000F06EB6 /* AppDelegate.swift */ = {isa = PBXFileReference; lastKnownFileType = sourcecode.swift; path = AppDelegate.swift; sourceTree = "<group>"; };
		749FD31E2713114000F06EB6 /* SceneDelegate.swift */ = {isa = PBXFileReference; lastKnownFileType = sourcecode.swift; path = SceneDelegate.swift; sourceTree = "<group>"; };
		749FD3202713114000F06EB6 /* LoginViewController.swift */ = {isa = PBXFileReference; lastKnownFileType = sourcecode.swift; path = LoginViewController.swift; sourceTree = "<group>"; };
		749FD3232713114000F06EB6 /* Base */ = {isa = PBXFileReference; lastKnownFileType = file.storyboard; name = Base; path = Base.lproj/Main.storyboard; sourceTree = "<group>"; };
		749FD3252713114300F06EB6 /* Assets.xcassets */ = {isa = PBXFileReference; lastKnownFileType = folder.assetcatalog; path = Assets.xcassets; sourceTree = "<group>"; };
		749FD3282713114300F06EB6 /* Base */ = {isa = PBXFileReference; lastKnownFileType = file.storyboard; name = Base; path = Base.lproj/LaunchScreen.storyboard; sourceTree = "<group>"; };
		749FD32A2713114300F06EB6 /* Info.plist */ = {isa = PBXFileReference; lastKnownFileType = text.plist.xml; path = Info.plist; sourceTree = "<group>"; };
/* End PBXFileReference section */

/* Begin PBXFrameworksBuildPhase section */
		749FD3162713114000F06EB6 /* Frameworks */ = {
			isa = PBXFrameworksBuildPhase;
			buildActionMask = 2147483647;
			files = (
			);
			runOnlyForDeploymentPostprocessing = 0;
		};
/* End PBXFrameworksBuildPhase section */

/* Begin PBXGroup section */
		74487AD1271D293000FE5420 /* Friends */ = {
			isa = PBXGroup;
			children = (
				74487AD2271D29A300FE5420 /* FriendsTableViewController.swift */,
				74487AD4271D29D800FE5420 /* FriendTableViewCell.swift */,
				74487AE1271D3C3500FE5420 /* FriendCollectionViewController.swift */,
				74487AE3271D3C4D00FE5420 /* FriendCollectionViewCell.swift */,
			);
			path = Friends;
			sourceTree = "<group>";
		};
		74487AD6271D2A0E00FE5420 /* Groups */ = {
			isa = PBXGroup;
			children = (
				74487AD7271D2A3600FE5420 /* AvailableGroupsTableViewController.swift */,
				74487ADC271D3B3100FE5420 /* UserGroupsTableViewController.swift */,
				74487AD9271D2A4D00FE5420 /* GroupTableViewCell.swift */,
			);
			path = Groups;
			sourceTree = "<group>";
		};
		74487AE5271D44E000FE5420 /* Model */ = {
			isa = PBXGroup;
			children = (
				74487AE6271D451700FE5420 /* User.swift */,
				74487AE8271D453B00FE5420 /* Group.swift */,
			);
			path = Model;
			sourceTree = "<group>";
		};
		749FD3102713114000F06EB6 = {
			isa = PBXGroup;
			children = (
				749FD31B2713114000F06EB6 /* vk */,
				749FD31A2713114000F06EB6 /* Products */,
			);
			sourceTree = "<group>";
		};
		749FD31A2713114000F06EB6 /* Products */ = {
			isa = PBXGroup;
			children = (
				749FD3192713114000F06EB6 /* vk.app */,
			);
			name = Products;
			sourceTree = "<group>";
		};
		749FD31B2713114000F06EB6 /* vk */ = {
			isa = PBXGroup;
			children = (
				74487AE5271D44E000FE5420 /* Model */,
				749FD3302716C14500F06EB6 /* Authentication */,
				74487AD6271D2A0E00FE5420 /* Groups */,
				74487AD1271D293000FE5420 /* Friends */,
				749FD31E2713114000F06EB6 /* SceneDelegate.swift */,
				749FD31C2713114000F06EB6 /* AppDelegate.swift */,
				749FD3222713114000F06EB6 /* Main.storyboard */,
				749FD3252713114300F06EB6 /* Assets.xcassets */,
				749FD3272713114300F06EB6 /* LaunchScreen.storyboard */,
				749FD32A2713114300F06EB6 /* Info.plist */,
			);
			path = vk;
			sourceTree = "<group>";
		};
		749FD3302716C14500F06EB6 /* Authentication */ = {
			isa = PBXGroup;
			children = (
				749FD3202713114000F06EB6 /* LoginViewController.swift */,
			);
			path = Authentication;
			sourceTree = "<group>";
		};
/* End PBXGroup section */

/* Begin PBXNativeTarget section */
		749FD3182713114000F06EB6 /* vk */ = {
			isa = PBXNativeTarget;
			buildConfigurationList = 749FD32D2713114300F06EB6 /* Build configuration list for PBXNativeTarget "vk" */;
			buildPhases = (
				749FD3152713114000F06EB6 /* Sources */,
				749FD3162713114000F06EB6 /* Frameworks */,
				749FD3172713114000F06EB6 /* Resources */,
			);
			buildRules = (
			);
			dependencies = (
			);
			name = vk;
			productName = vk;
			productReference = 749FD3192713114000F06EB6 /* vk.app */;
			productType = "com.apple.product-type.application";
		};
/* End PBXNativeTarget section */

/* Begin PBXProject section */
		749FD3112713114000F06EB6 /* Project object */ = {
			isa = PBXProject;
			attributes = {
				BuildIndependentTargetsInParallel = 1;
				LastSwiftUpdateCheck = 1300;
				LastUpgradeCheck = 1300;
				TargetAttributes = {
					749FD3182713114000F06EB6 = {
						CreatedOnToolsVersion = 13.0;
					};
				};
			};
			buildConfigurationList = 749FD3142713114000F06EB6 /* Build configuration list for PBXProject "vk" */;
			compatibilityVersion = "Xcode 13.0";
			developmentRegion = en;
			hasScannedForEncodings = 0;
			knownRegions = (
				en,
				Base,
			);
			mainGroup = 749FD3102713114000F06EB6;
			productRefGroup = 749FD31A2713114000F06EB6 /* Products */;
			projectDirPath = "";
			projectRoot = "";
			targets = (
				749FD3182713114000F06EB6 /* vk */,
			);
		};
/* End PBXProject section */

/* Begin PBXResourcesBuildPhase section */
		749FD3172713114000F06EB6 /* Resources */ = {
			isa = PBXResourcesBuildPhase;
			buildActionMask = 2147483647;
			files = (
				749FD3292713114300F06EB6 /* LaunchScreen.storyboard in Resources */,
				749FD3262713114300F06EB6 /* Assets.xcassets in Resources */,
				749FD3242713114000F06EB6 /* Main.storyboard in Resources */,
			);
			runOnlyForDeploymentPostprocessing = 0;
		};
/* End PBXResourcesBuildPhase section */

/* Begin PBXSourcesBuildPhase section */
		749FD3152713114000F06EB6 /* Sources */ = {
			isa = PBXSourcesBuildPhase;
			buildActionMask = 2147483647;
			files = (
				74487AD5271D29D800FE5420 /* FriendTableViewCell.swift in Sources */,
				74487AE4271D3C4D00FE5420 /* FriendCollectionViewCell.swift in Sources */,
				74487ADA271D2A4D00FE5420 /* GroupTableViewCell.swift in Sources */,
				74487AE9271D453B00FE5420 /* Group.swift in Sources */,
				74487AD3271D29A300FE5420 /* FriendsTableViewController.swift in Sources */,
				74487AE2271D3C3500FE5420 /* FriendCollectionViewController.swift in Sources */,
				74487ADD271D3B3100FE5420 /* UserGroupsTableViewController.swift in Sources */,
				74487AD8271D2A3600FE5420 /* AvailableGroupsTableViewController.swift in Sources */,
				749FD3212713114000F06EB6 /* LoginViewController.swift in Sources */,
				749FD31D2713114000F06EB6 /* AppDelegate.swift in Sources */,
				749FD31F2713114000F06EB6 /* SceneDelegate.swift in Sources */,
				74487AE7271D451700FE5420 /* User.swift in Sources */,
			);
			runOnlyForDeploymentPostprocessing = 0;
		};
/* End PBXSourcesBuildPhase section */

/* Begin PBXVariantGroup section */
		749FD3222713114000F06EB6 /* Main.storyboard */ = {
			isa = PBXVariantGroup;
			children = (
				749FD3232713114000F06EB6 /* Base */,
			);
			name = Main.storyboard;
			sourceTree = "<group>";
		};
		749FD3272713114300F06EB6 /* LaunchScreen.storyboard */ = {
			isa = PBXVariantGroup;
			children = (
				749FD3282713114300F06EB6 /* Base */,
			);
			name = LaunchScreen.storyboard;
			sourceTree = "<group>";
		};
/* End PBXVariantGroup section */

/* Begin XCBuildConfiguration section */
		749FD32B2713114300F06EB6 /* Debug */ = {
			isa = XCBuildConfiguration;
			buildSettings = {
				ALWAYS_SEARCH_USER_PATHS = NO;
				CLANG_ANALYZER_NONNULL = YES;
				CLANG_ANALYZER_NUMBER_OBJECT_CONVERSION = YES_AGGRESSIVE;
				CLANG_CXX_LANGUAGE_STANDARD = "gnu++17";
				CLANG_CXX_LIBRARY = "libc++";
				CLANG_ENABLE_MODULES = YES;
				CLANG_ENABLE_OBJC_ARC = YES;
				CLANG_ENABLE_OBJC_WEAK = YES;
				CLANG_WARN_BLOCK_CAPTURE_AUTORELEASING = YES;
				CLANG_WARN_BOOL_CONVERSION = YES;
				CLANG_WARN_COMMA = YES;
				CLANG_WARN_CONSTANT_CONVERSION = YES;
				CLANG_WARN_DEPRECATED_OBJC_IMPLEMENTATIONS = YES;
				CLANG_WARN_DIRECT_OBJC_ISA_USAGE = YES_ERROR;
				CLANG_WARN_DOCUMENTATION_COMMENTS = YES;
				CLANG_WARN_EMPTY_BODY = YES;
				CLANG_WARN_ENUM_CONVERSION = YES;
				CLANG_WARN_INFINITE_RECURSION = YES;
				CLANG_WARN_INT_CONVERSION = YES;
				CLANG_WARN_NON_LITERAL_NULL_CONVERSION = YES;
				CLANG_WARN_OBJC_IMPLICIT_RETAIN_SELF = YES;
				CLANG_WARN_OBJC_LITERAL_CONVERSION = YES;
				CLANG_WARN_OBJC_ROOT_CLASS = YES_ERROR;
				CLANG_WARN_QUOTED_INCLUDE_IN_FRAMEWORK_HEADER = YES;
				CLANG_WARN_RANGE_LOOP_ANALYSIS = YES;
				CLANG_WARN_STRICT_PROTOTYPES = YES;
				CLANG_WARN_SUSPICIOUS_MOVE = YES;
				CLANG_WARN_UNGUARDED_AVAILABILITY = YES_AGGRESSIVE;
				CLANG_WARN_UNREACHABLE_CODE = YES;
				CLANG_WARN__DUPLICATE_METHOD_MATCH = YES;
				COPY_PHASE_STRIP = NO;
				DEBUG_INFORMATION_FORMAT = dwarf;
				ENABLE_STRICT_OBJC_MSGSEND = YES;
				ENABLE_TESTABILITY = YES;
				GCC_C_LANGUAGE_STANDARD = gnu11;
				GCC_DYNAMIC_NO_PIC = NO;
				GCC_NO_COMMON_BLOCKS = YES;
				GCC_OPTIMIZATION_LEVEL = 0;
				GCC_PREPROCESSOR_DEFINITIONS = (
					"DEBUG=1",
					"$(inherited)",
				);
				GCC_WARN_64_TO_32_BIT_CONVERSION = YES;
				GCC_WARN_ABOUT_RETURN_TYPE = YES_ERROR;
				GCC_WARN_UNDECLARED_SELECTOR = YES;
				GCC_WARN_UNINITIALIZED_AUTOS = YES_AGGRESSIVE;
				GCC_WARN_UNUSED_FUNCTION = YES;
				GCC_WARN_UNUSED_VARIABLE = YES;
				IPHONEOS_DEPLOYMENT_TARGET = 15.0;
				MTL_ENABLE_DEBUG_INFO = INCLUDE_SOURCE;
				MTL_FAST_MATH = YES;
				ONLY_ACTIVE_ARCH = YES;
				SDKROOT = iphoneos;
				SWIFT_ACTIVE_COMPILATION_CONDITIONS = DEBUG;
				SWIFT_OPTIMIZATION_LEVEL = "-Onone";
			};
			name = Debug;
		};
		749FD32C2713114300F06EB6 /* Release */ = {
			isa = XCBuildConfiguration;
			buildSettings = {
				ALWAYS_SEARCH_USER_PATHS = NO;
				CLANG_ANALYZER_NONNULL = YES;
				CLANG_ANALYZER_NUMBER_OBJECT_CONVERSION = YES_AGGRESSIVE;
				CLANG_CXX_LANGUAGE_STANDARD = "gnu++17";
				CLANG_CXX_LIBRARY = "libc++";
				CLANG_ENABLE_MODULES = YES;
				CLANG_ENABLE_OBJC_ARC = YES;
				CLANG_ENABLE_OBJC_WEAK = YES;
				CLANG_WARN_BLOCK_CAPTURE_AUTORELEASING = YES;
				CLANG_WARN_BOOL_CONVERSION = YES;
				CLANG_WARN_COMMA = YES;
				CLANG_WARN_CONSTANT_CONVERSION = YES;
				CLANG_WARN_DEPRECATED_OBJC_IMPLEMENTATIONS = YES;
				CLANG_WARN_DIRECT_OBJC_ISA_USAGE = YES_ERROR;
				CLANG_WARN_DOCUMENTATION_COMMENTS = YES;
				CLANG_WARN_EMPTY_BODY = YES;
				CLANG_WARN_ENUM_CONVERSION = YES;
				CLANG_WARN_INFINITE_RECURSION = YES;
				CLANG_WARN_INT_CONVERSION = YES;
				CLANG_WARN_NON_LITERAL_NULL_CONVERSION = YES;
				CLANG_WARN_OBJC_IMPLICIT_RETAIN_SELF = YES;
				CLANG_WARN_OBJC_LITERAL_CONVERSION = YES;
				CLANG_WARN_OBJC_ROOT_CLASS = YES_ERROR;
				CLANG_WARN_QUOTED_INCLUDE_IN_FRAMEWORK_HEADER = YES;
				CLANG_WARN_RANGE_LOOP_ANALYSIS = YES;
				CLANG_WARN_STRICT_PROTOTYPES = YES;
				CLANG_WARN_SUSPICIOUS_MOVE = YES;
				CLANG_WARN_UNGUARDED_AVAILABILITY = YES_AGGRESSIVE;
				CLANG_WARN_UNREACHABLE_CODE = YES;
				CLANG_WARN__DUPLICATE_METHOD_MATCH = YES;
				COPY_PHASE_STRIP = NO;
				DEBUG_INFORMATION_FORMAT = "dwarf-with-dsym";
				ENABLE_NS_ASSERTIONS = NO;
				ENABLE_STRICT_OBJC_MSGSEND = YES;
				GCC_C_LANGUAGE_STANDARD = gnu11;
				GCC_NO_COMMON_BLOCKS = YES;
				GCC_WARN_64_TO_32_BIT_CONVERSION = YES;
				GCC_WARN_ABOUT_RETURN_TYPE = YES_ERROR;
				GCC_WARN_UNDECLARED_SELECTOR = YES;
				GCC_WARN_UNINITIALIZED_AUTOS = YES_AGGRESSIVE;
				GCC_WARN_UNUSED_FUNCTION = YES;
				GCC_WARN_UNUSED_VARIABLE = YES;
				IPHONEOS_DEPLOYMENT_TARGET = 15.0;
				MTL_ENABLE_DEBUG_INFO = NO;
				MTL_FAST_MATH = YES;
				SDKROOT = iphoneos;
				SWIFT_COMPILATION_MODE = wholemodule;
				SWIFT_OPTIMIZATION_LEVEL = "-O";
				VALIDATE_PRODUCT = YES;
			};
			name = Release;
		};
		749FD32E2713114300F06EB6 /* Debug */ = {
			isa = XCBuildConfiguration;
			buildSettings = {
				ASSETCATALOG_COMPILER_APPICON_NAME = AppIcon;
				ASSETCATALOG_COMPILER_GLOBAL_ACCENT_COLOR_NAME = AccentColor;
				CODE_SIGN_STYLE = Automatic;
				CURRENT_PROJECT_VERSION = 1;
				DEVELOPMENT_TEAM = 5227Y2DLKL;
				GENERATE_INFOPLIST_FILE = YES;
				INFOPLIST_FILE = vk/Info.plist;
				INFOPLIST_KEY_UIApplicationSupportsIndirectInputEvents = YES;
				INFOPLIST_KEY_UILaunchStoryboardName = LaunchScreen;
				INFOPLIST_KEY_UIMainStoryboardFile = Main;
				INFOPLIST_KEY_UISupportedInterfaceOrientations_iPad = "UIInterfaceOrientationPortrait UIInterfaceOrientationPortraitUpsideDown UIInterfaceOrientationLandscapeLeft UIInterfaceOrientationLandscapeRight";
				INFOPLIST_KEY_UISupportedInterfaceOrientations_iPhone = "UIInterfaceOrientationPortrait UIInterfaceOrientationLandscapeLeft UIInterfaceOrientationLandscapeRight";
				LD_RUNPATH_SEARCH_PATHS = (
					"$(inherited)",
					"@executable_path/Frameworks",
				);
				MARKETING_VERSION = 1.0;
				PRODUCT_BUNDLE_IDENTIFIER = "com.ios-interface.vk";
				PRODUCT_NAME = "$(TARGET_NAME)";
				SWIFT_EMIT_LOC_STRINGS = YES;
				SWIFT_VERSION = 5.0;
				TARGETED_DEVICE_FAMILY = "1,2";
			};
			name = Debug;
		};
		749FD32F2713114300F06EB6 /* Release */ = {
			isa = XCBuildConfiguration;
			buildSettings = {
				ASSETCATALOG_COMPILER_APPICON_NAME = AppIcon;
				ASSETCATALOG_COMPILER_GLOBAL_ACCENT_COLOR_NAME = AccentColor;
				CODE_SIGN_STYLE = Automatic;
				CURRENT_PROJECT_VERSION = 1;
				DEVELOPMENT_TEAM = 5227Y2DLKL;
				GENERATE_INFOPLIST_FILE = YES;
				INFOPLIST_FILE = vk/Info.plist;
				INFOPLIST_KEY_UIApplicationSupportsIndirectInputEvents = YES;
				INFOPLIST_KEY_UILaunchStoryboardName = LaunchScreen;
				INFOPLIST_KEY_UIMainStoryboardFile = Main;
				INFOPLIST_KEY_UISupportedInterfaceOrientations_iPad = "UIInterfaceOrientationPortrait UIInterfaceOrientationPortraitUpsideDown UIInterfaceOrientationLandscapeLeft UIInterfaceOrientationLandscapeRight";
				INFOPLIST_KEY_UISupportedInterfaceOrientations_iPhone = "UIInterfaceOrientationPortrait UIInterfaceOrientationLandscapeLeft UIInterfaceOrientationLandscapeRight";
				LD_RUNPATH_SEARCH_PATHS = (
					"$(inherited)",
					"@executable_path/Frameworks",
				);
				MARKETING_VERSION = 1.0;
				PRODUCT_BUNDLE_IDENTIFIER = "com.ios-interface.vk";
				PRODUCT_NAME = "$(TARGET_NAME)";
				SWIFT_EMIT_LOC_STRINGS = YES;
				SWIFT_VERSION = 5.0;
				TARGETED_DEVICE_FAMILY = "1,2";
			};
			name = Release;
		};
/* End XCBuildConfiguration section */

/* Begin XCConfigurationList section */
		749FD3142713114000F06EB6 /* Build configuration list for PBXProject "vk" */ = {
			isa = XCConfigurationList;
			buildConfigurations = (
				749FD32B2713114300F06EB6 /* Debug */,
				749FD32C2713114300F06EB6 /* Release */,
			);
			defaultConfigurationIsVisible = 0;
			defaultConfigurationName = Release;
		};
		749FD32D2713114300F06EB6 /* Build configuration list for PBXNativeTarget "vk" */ = {
			isa = XCConfigurationList;
			buildConfigurations = (
				749FD32E2713114300F06EB6 /* Debug */,
				749FD32F2713114300F06EB6 /* Release */,
			);
			defaultConfigurationIsVisible = 0;
			defaultConfigurationName = Release;
		};
/* End XCConfigurationList section */
	};
	rootObject = 749FD3112713114000F06EB6 /* Project object */;
}
